// !$*UTF8*$!
{
	archiveVersion = 1;
	classes = {
	};
	objectVersion = 42;
	objects = {

/* Begin PBXBuildFile section */
		6C26C0DA0BB569CC0001C5D3 /* Localizable.strings in Resources */ = {isa = PBXBuildFile; fileRef = 6C26C0D80BB569CC0001C5D3 /* Localizable.strings */; };
		6C54D70A0BBAF45B00D4B7F2 /* VersionChecker.m in Sources */ = {isa = PBXBuildFile; fileRef = 6C54D7090BBAF45B00D4B7F2 /* VersionChecker.m */; };
		6C54D7B10BBAFBB600D4B7F2 /* VersionChecker.strings in Resources */ = {isa = PBXBuildFile; fileRef = 6C54D7AF0BBAFBB600D4B7F2 /* VersionChecker.strings */; };
		6CBF246C0BD525AE007B034F /* readme.html in Resources */ = {isa = PBXBuildFile; fileRef = 6CBF246B0BD525AE007B034F /* readme.html */; };
		6CD8BC0B0BD2EE9B006F5513 /* Credits.html in Resources */ = {isa = PBXBuildFile; fileRef = 6CD8BC090BD2EE9B006F5513 /* Credits.html */; };
		6CFBB7D909D43D63009151B2 /* AddressBook.framework in Frameworks */ = {isa = PBXBuildFile; fileRef = 6CFBB7D809D43D63009151B2 /* AddressBook.framework */; };
		6CFBB7F209D43D9C009151B2 /* Magic.m in Sources */ = {isa = PBXBuildFile; fileRef = 6CFBB7F109D43D9C009151B2 /* Magic.m */; };
		8D11072A0486CEB800E47090 /* MainMenu.nib in Resources */ = {isa = PBXBuildFile; fileRef = 29B97318FDCFA39411CA2CEA /* MainMenu.nib */; };
		8D11072B0486CEB800E47090 /* InfoPlist.strings in Resources */ = {isa = PBXBuildFile; fileRef = 089C165CFE840E0CC02AAC07 /* InfoPlist.strings */; };
		8D11072D0486CEB800E47090 /* main.m in Sources */ = {isa = PBXBuildFile; fileRef = 29B97316FDCFA39411CA2CEA /* main.m */; settings = {ATTRIBUTES = (); }; };
		8D11072F0486CEB800E47090 /* Cocoa.framework in Frameworks */ = {isa = PBXBuildFile; fileRef = 1058C7A1FEA54F0111CA2CBB /* Cocoa.framework */; };
/* End PBXBuildFile section */

/* Begin PBXFileReference section */
		089C165DFE840E0CC02AAC07 /* English */ = {isa = PBXFileReference; fileEncoding = 10; lastKnownFileType = text.plist.strings; name = English; path = English.lproj/InfoPlist.strings; sourceTree = "<group>"; };
		1058C7A1FEA54F0111CA2CBB /* Cocoa.framework */ = {isa = PBXFileReference; lastKnownFileType = wrapper.framework; name = Cocoa.framework; path = /System/Library/Frameworks/Cocoa.framework; sourceTree = "<absolute>"; };
		13E42FB307B3F0F600E4EEF1 /* CoreData.framework */ = {isa = PBXFileReference; lastKnownFileType = wrapper.framework; name = CoreData.framework; path = /System/Library/Frameworks/CoreData.framework; sourceTree = "<absolute>"; };
		29B97316FDCFA39411CA2CEA /* main.m */ = {isa = PBXFileReference; fileEncoding = 4; lastKnownFileType = sourcecode.c.objc; path = main.m; sourceTree = "<group>"; };
		29B97324FDCFA39411CA2CEA /* AppKit.framework */ = {isa = PBXFileReference; lastKnownFileType = wrapper.framework; name = AppKit.framework; path = /System/Library/Frameworks/AppKit.framework; sourceTree = "<absolute>"; };
		29B97325FDCFA39411CA2CEA /* Foundation.framework */ = {isa = PBXFileReference; lastKnownFileType = wrapper.framework; name = Foundation.framework; path = /System/Library/Frameworks/Foundation.framework; sourceTree = "<absolute>"; };
		32CA4F630368D1EE00C91783 /* Mailboxer_Prefix.pch */ = {isa = PBXFileReference; fileEncoding = 4; lastKnownFileType = sourcecode.c.h; path = Mailboxer_Prefix.pch; sourceTree = "<group>"; };
		6C0416740BD50B9F00F6AF42 /* French */ = {isa = PBXFileReference; lastKnownFileType = wrapper.nib; name = French; path = French.lproj/MainMenu.nib; sourceTree = "<group>"; };
		6C04167F0BD50BBF00F6AF42 /* French */ = {isa = PBXFileReference; fileEncoding = 10; lastKnownFileType = text.plist.strings; name = French; path = French.lproj/Localizable.strings; sourceTree = "<group>"; };
		6C0416920BD50DC400F6AF42 /* French */ = {isa = PBXFileReference; lastKnownFileType = text.html; name = French; path = French.lproj/Credits.html; sourceTree = "<group>"; };
		6C26C0D90BB569CC0001C5D3 /* English */ = {isa = PBXFileReference; fileEncoding = 10; lastKnownFileType = text.plist.strings; name = English; path = English.lproj/Localizable.strings; sourceTree = "<group>"; };
		6C54D7080BBAF45B00D4B7F2 /* VersionChecker.h */ = {isa = PBXFileReference; fileEncoding = 4; lastKnownFileType = sourcecode.c.h; path = VersionChecker.h; sourceTree = "<group>"; };
		6C54D7090BBAF45B00D4B7F2 /* VersionChecker.m */ = {isa = PBXFileReference; fileEncoding = 4; lastKnownFileType = sourcecode.c.objc; path = VersionChecker.m; sourceTree = "<group>"; };
		6C54D7B00BBAFBB600D4B7F2 /* English */ = {isa = PBXFileReference; fileEncoding = 10; lastKnownFileType = text.plist.strings; name = English; path = English.lproj/VersionChecker.strings; sourceTree = "<group>"; };
		6C54D7B20BBAFBC900D4B7F2 /* German */ = {isa = PBXFileReference; lastKnownFileType = text.plist.strings; name = German; path = German.lproj/VersionChecker.strings; sourceTree = "<group>"; };
		6CBF24760BD5271D007B034F /* English */ = {isa = PBXFileReference; lastKnownFileType = wrapper.nib; name = English; path = English.lproj/MainMenu.nib; sourceTree = "<group>"; };
		6CBF24830BD52849007B034F /* German */ = {isa = PBXFileReference; lastKnownFileType = wrapper.nib; name = German; path = German.lproj/MainMenu.nib; sourceTree = "<group>"; };
		6CD8BBF50BD2E7DB006F5513 /* German */ = {isa = PBXFileReference; fileEncoding = 10; lastKnownFileType = text.plist.strings; name = German; path = German.lproj/Localizable.strings; sourceTree = "<group>"; };
		6CD8BBFD0BD2EDAC006F5513 /* German */ = {isa = PBXFileReference; lastKnownFileType = text.plist.strings; name = German; path = German.lproj/InfoPlist.strings; sourceTree = "<group>"; };
		6CD8BC010BD2EE66006F5513 /* French */ = {isa = PBXFileReference; lastKnownFileType = text.plist.strings; name = French; path = French.lproj/VersionChecker.strings; sourceTree = "<group>"; };
		6CD8BC080BD2EE76006F5513 /* French */ = {isa = PBXFileReference; lastKnownFileType = text.plist.strings; name = French; path = French.lproj/InfoPlist.strings; sourceTree = "<group>"; };
		6CD8BC0A0BD2EE9B006F5513 /* German */ = {isa = PBXFileReference; fileEncoding = 30; lastKnownFileType = text.html; name = German; path = German.lproj/Credits.html; sourceTree = "<group>"; };
		6CD8BCA00BD2F122006F5513 /* English */ = {isa = PBXFileReference; lastKnownFileType = text.html; name = English; path = English.lproj/Credits.html; sourceTree = "<group>"; };
		6CFBB7D809D43D63009151B2 /* AddressBook.framework */ = {isa = PBXFileReference; lastKnownFileType = wrapper.framework; name = AddressBook.framework; path = /System/Library/Frameworks/AddressBook.framework; sourceTree = "<absolute>"; };
		6CFBB7F009D43D9C009151B2 /* Magic.h */ = {isa = PBXFileReference; fileEncoding = 4; lastKnownFileType = sourcecode.c.h; path = Magic.h; sourceTree = "<group>"; };
		6CFBB7F109D43D9C009151B2 /* Magic.m */ = {isa = PBXFileReference; fileEncoding = 4; lastKnownFileType = sourcecode.c.objc; path = Magic.m; sourceTree = "<group>"; };
		6CFBB8D109D49C50009151B2 /* English */ = {isa = PBXFileReference; fileEncoding = 4; lastKnownFileType = text.html; name = English; path = English.lproj/readme.html; sourceTree = "<group>"; };
		8D1107310486CEB800E47090 /* Info.plist */ = {isa = PBXFileReference; fileEncoding = 4; lastKnownFileType = text.plist; path = Info.plist; sourceTree = "<group>"; };
		8D1107320486CEB800E47090 /* Mailboxer.app */ = {isa = PBXFileReference; explicitFileType = wrapper.application; includeInIndex = 0; path = Mailboxer.app; sourceTree = BUILT_PRODUCTS_DIR; };
/* End PBXFileReference section */

/* Begin PBXFrameworksBuildPhase section */
		8D11072E0486CEB800E47090 /* Frameworks */ = {
			isa = PBXFrameworksBuildPhase;
			buildActionMask = 2147483647;
			files = (
				8D11072F0486CEB800E47090 /* Cocoa.framework in Frameworks */,
				6CFBB7D909D43D63009151B2 /* AddressBook.framework in Frameworks */,
			);
			runOnlyForDeploymentPostprocessing = 0;
		};
/* End PBXFrameworksBuildPhase section */

/* Begin PBXGroup section */
		1058C7A0FEA54F0111CA2CBB /* Linked Frameworks */ = {
			isa = PBXGroup;
			children = (
				6CFBB7D809D43D63009151B2 /* AddressBook.framework */,
				1058C7A1FEA54F0111CA2CBB /* Cocoa.framework */,
			);
			name = "Linked Frameworks";
			sourceTree = "<group>";
		};
		1058C7A2FEA54F0111CA2CBB /* Other Frameworks */ = {
			isa = PBXGroup;
			children = (
				29B97324FDCFA39411CA2CEA /* AppKit.framework */,
				13E42FB307B3F0F600E4EEF1 /* CoreData.framework */,
				29B97325FDCFA39411CA2CEA /* Foundation.framework */,
			);
			name = "Other Frameworks";
			sourceTree = "<group>";
		};
		19C28FACFE9D520D11CA2CBB /* Products */ = {
			isa = PBXGroup;
			children = (
				8D1107320486CEB800E47090 /* Mailboxer.app */,
			);
			name = Products;
			sourceTree = "<group>";
		};
		29B97314FDCFA39411CA2CEA /* Mailboxer */ = {
			isa = PBXGroup;
			children = (
				29B97315FDCFA39411CA2CEA /* Sources */,
				29B97317FDCFA39411CA2CEA /* Resources */,
				29B97323FDCFA39411CA2CEA /* Frameworks */,
				19C28FACFE9D520D11CA2CBB /* Products */,
			);
			name = Mailboxer;
			sourceTree = "<group>";
		};
		29B97315FDCFA39411CA2CEA /* Sources */ = {
			isa = PBXGroup;
			children = (
				32CA4F630368D1EE00C91783 /* Mailboxer_Prefix.pch */,
				29B97316FDCFA39411CA2CEA /* main.m */,
				6CFBB7F009D43D9C009151B2 /* Magic.h */,
				6CFBB7F109D43D9C009151B2 /* Magic.m */,
				6C54D7080BBAF45B00D4B7F2 /* VersionChecker.h */,
				6C54D7090BBAF45B00D4B7F2 /* VersionChecker.m */,
			);
			name = Sources;
			sourceTree = "<group>";
		};
		29B97317FDCFA39411CA2CEA /* Resources */ = {
			isa = PBXGroup;
			children = (
				6CBF246B0BD525AE007B034F /* readme.html */,
				6CD8BC090BD2EE9B006F5513 /* Credits.html */,
				6C26C0D80BB569CC0001C5D3 /* Localizable.strings */,
				8D1107310486CEB800E47090 /* Info.plist */,
				6C54D7AF0BBAFBB600D4B7F2 /* VersionChecker.strings */,
				089C165CFE840E0CC02AAC07 /* InfoPlist.strings */,
				29B97318FDCFA39411CA2CEA /* MainMenu.nib */,
			);
			name = Resources;
			sourceTree = "<group>";
		};
		29B97323FDCFA39411CA2CEA /* Frameworks */ = {
			isa = PBXGroup;
			children = (
				1058C7A0FEA54F0111CA2CBB /* Linked Frameworks */,
				1058C7A2FEA54F0111CA2CBB /* Other Frameworks */,
			);
			name = Frameworks;
			sourceTree = "<group>";
		};
/* End PBXGroup section */

/* Begin PBXNativeTarget section */
		8D1107260486CEB800E47090 /* Mailboxer */ = {
			isa = PBXNativeTarget;
			buildConfigurationList = C01FCF4A08A954540054247B /* Build configuration list for PBXNativeTarget "Mailboxer" */;
			buildPhases = (
				8D1107290486CEB800E47090 /* Resources */,
				8D11072C0486CEB800E47090 /* Sources */,
				8D11072E0486CEB800E47090 /* Frameworks */,
			);
			buildRules = (
			);
			dependencies = (
			);
			name = Mailboxer;
			productInstallPath = "$(HOME)/Applications";
			productName = Mailboxer;
			productReference = 8D1107320486CEB800E47090 /* Mailboxer.app */;
			productType = "com.apple.product-type.application";
		};
/* End PBXNativeTarget section */

/* Begin PBXProject section */
		29B97313FDCFA39411CA2CEA /* Project object */ = {
			isa = PBXProject;
			buildConfigurationList = C01FCF4E08A954540054247B /* Build configuration list for PBXProject "Mailboxer" */;
			hasScannedForEncodings = 1;
			mainGroup = 29B97314FDCFA39411CA2CEA /* Mailboxer */;
			projectDirPath = "";
			targets = (
				8D1107260486CEB800E47090 /* Mailboxer */,
			);
		};
/* End PBXProject section */

/* Begin PBXResourcesBuildPhase section */
		8D1107290486CEB800E47090 /* Resources */ = {
			isa = PBXResourcesBuildPhase;
			buildActionMask = 2147483647;
			files = (
				8D11072A0486CEB800E47090 /* MainMenu.nib in Resources */,
				8D11072B0486CEB800E47090 /* InfoPlist.strings in Resources */,
				6CBF246C0BD525AE007B034F /* readme.html in Resources */,
				6C26C0DA0BB569CC0001C5D3 /* Localizable.strings in Resources */,
				6C54D7B10BBAFBB600D4B7F2 /* VersionChecker.strings in Resources */,
				6CD8BC0B0BD2EE9B006F5513 /* Credits.html in Resources */,
			);
			runOnlyForDeploymentPostprocessing = 0;
		};
/* End PBXResourcesBuildPhase section */

/* Begin PBXSourcesBuildPhase section */
		8D11072C0486CEB800E47090 /* Sources */ = {
			isa = PBXSourcesBuildPhase;
			buildActionMask = 2147483647;
			files = (
				8D11072D0486CEB800E47090 /* main.m in Sources */,
				6CFBB7F209D43D9C009151B2 /* Magic.m in Sources */,
				6C54D70A0BBAF45B00D4B7F2 /* VersionChecker.m in Sources */,
			);
			runOnlyForDeploymentPostprocessing = 0;
		};
/* End PBXSourcesBuildPhase section */

/* Begin PBXVariantGroup section */
		089C165CFE840E0CC02AAC07 /* InfoPlist.strings */ = {
			isa = PBXVariantGroup;
			children = (
				089C165DFE840E0CC02AAC07 /* English */,
				6CD8BBFD0BD2EDAC006F5513 /* German */,
				6CD8BC080BD2EE76006F5513 /* French */,
			);
			name = InfoPlist.strings;
			sourceTree = "<group>";
		};
		29B97318FDCFA39411CA2CEA /* MainMenu.nib */ = {
			isa = PBXVariantGroup;
			children = (
				6C0416740BD50B9F00F6AF42 /* French */,
				6CBF24760BD5271D007B034F /* English */,
				6CBF24830BD52849007B034F /* German */,
			);
			name = MainMenu.nib;
			sourceTree = "<group>";
		};
		6C26C0D80BB569CC0001C5D3 /* Localizable.strings */ = {
			isa = PBXVariantGroup;
			children = (
				6C26C0D90BB569CC0001C5D3 /* English */,
				6CD8BBF50BD2E7DB006F5513 /* German */,
				6C04167F0BD50BBF00F6AF42 /* French */,
			);
			name = Localizable.strings;
			sourceTree = "<group>";
		};
		6C54D7AF0BBAFBB600D4B7F2 /* VersionChecker.strings */ = {
			isa = PBXVariantGroup;
			children = (
				6C54D7B00BBAFBB600D4B7F2 /* English */,
				6C54D7B20BBAFBC900D4B7F2 /* German */,
				6CD8BC010BD2EE66006F5513 /* French */,
			);
			name = VersionChecker.strings;
			sourceTree = "<group>";
		};
		6CBF246B0BD525AE007B034F /* readme.html */ = {
			isa = PBXVariantGroup;
			children = (
				6CFBB8D109D49C50009151B2 /* English */,
			);
			name = readme.html;
			sourceTree = "<group>";
		};
		6CD8BC090BD2EE9B006F5513 /* Credits.html */ = {
			isa = PBXVariantGroup;
			children = (
				6CD8BCA00BD2F122006F5513 /* English */,
				6CD8BC0A0BD2EE9B006F5513 /* German */,
				6C0416920BD50DC400F6AF42 /* French */,
			);
			name = Credits.html;
			sourceTree = "<group>";
		};
/* End PBXVariantGroup section */

/* Begin XCBuildConfiguration section */
		C01FCF4B08A954540054247B /* Debug */ = {
			isa = XCBuildConfiguration;
			buildSettings = {
				ARCHS = (
					ppc,
					i386,
				);
				COPY_PHASE_STRIP = NO;
				GCC_DYNAMIC_NO_PIC = NO;
				GCC_ENABLE_FIX_AND_CONTINUE = YES;
				GCC_MODEL_TUNING = G5;
				GCC_OPTIMIZATION_LEVEL = 0;
				GCC_WARN_UNINITIALIZED_AUTOS = YES;
				INFOPLIST_FILE = Info.plist;
				INSTALL_PATH = "$(HOME)/Applications";
				PRODUCT_NAME = Mailboxer;
				WRAPPER_EXTENSION = app;
				ZERO_LINK = YES;
			};
			name = Debug;
		};
		C01FCF4C08A954540054247B /* Release */ = {
			isa = XCBuildConfiguration;
			buildSettings = {
				ARCHS = (
					ppc,
					i386,
				);
				GCC_GENERATE_DEBUGGING_SYMBOLS = NO;
				GCC_MODEL_TUNING = G5;
				GCC_WARN_UNINITIALIZED_AUTOS = YES;
				INFOPLIST_FILE = Info.plist;
				INSTALL_PATH = "$(HOME)/Applications";
				MACOSX_DEPLOYMENT_TARGET = "";
				PRODUCT_NAME = Mailboxer;
				WRAPPER_EXTENSION = app;
			};
			name = Release;
		};
		C01FCF4F08A954540054247B /* Debug */ = {
			isa = XCBuildConfiguration;
			buildSettings = {
				GCC_WARN_ABOUT_RETURN_TYPE = YES;
				GCC_WARN_UNUSED_VARIABLE = YES;
				PREBINDING = NO;
				SDKROOT = /Developer/SDKs/MacOSX10.4u.sdk;
			};
			name = Debug;
		};
		C01FCF5008A954540054247B /* Release */ = {
			isa = XCBuildConfiguration;
			buildSettings = {
				GCC_WARN_ABOUT_RETURN_TYPE = YES;
				GCC_WARN_UNUSED_VARIABLE = YES;
				PREBINDING = NO;
				SDKROOT = /Developer/SDKs/MacOSX10.4u.sdk;
			};
			name = Release;
		};
/* End XCBuildConfiguration section */

/* Begin XCConfigurationList section */
		C01FCF4A08A954540054247B /* Build configuration list for PBXNativeTarget "Mailboxer" */ = {
			isa = XCConfigurationList;
			buildConfigurations = (
				C01FCF4B08A954540054247B /* Debug */,
				C01FCF4C08A954540054247B /* Release */,
			);
			defaultConfigurationIsVisible = 0;
			defaultConfigurationName = Release;
		};
		C01FCF4E08A954540054247B /* Build configuration list for PBXProject "Mailboxer" */ = {
			isa = XCConfigurationList;
			buildConfigurations = (
				C01FCF4F08A954540054247B /* Debug */,
				C01FCF5008A954540054247B /* Release */,
			);
			defaultConfigurationIsVisible = 0;
			defaultConfigurationName = Release;
		};
/* End XCConfigurationList section */
	};
	rootObject = 29B97313FDCFA39411CA2CEA /* Project object */;
}
